// !$*UTF8*$!
{
	archiveVersion = 1;
	classes = {
	};
	objectVersion = 46;
	objects = {

/* Begin PBXBuildFile section */
		B8065B3A1C00584F008A14DB /* move.png in Resources */ = {isa = PBXBuildFile; fileRef = B8065B391C00584F008A14DB /* move.png */; settings = {ASSET_TAGS = (); }; };
		B8FA5C801BFEF956001B3E43 /* AppDelegate.swift in Sources */ = {isa = PBXBuildFile; fileRef = B8FA5C7F1BFEF956001B3E43 /* AppDelegate.swift */; };
		B8FA5C821BFEF956001B3E43 /* ViewController.swift in Sources */ = {isa = PBXBuildFile; fileRef = B8FA5C811BFEF956001B3E43 /* ViewController.swift */; };
		B8FA5C851BFEF956001B3E43 /* Main.storyboard in Resources */ = {isa = PBXBuildFile; fileRef = B8FA5C831BFEF956001B3E43 /* Main.storyboard */; };
		B8FA5C871BFEF956001B3E43 /* Assets.xcassets in Resources */ = {isa = PBXBuildFile; fileRef = B8FA5C861BFEF956001B3E43 /* Assets.xcassets */; };
		B8FA5C8A1BFEF956001B3E43 /* LaunchScreen.storyboard in Resources */ = {isa = PBXBuildFile; fileRef = B8FA5C881BFEF956001B3E43 /* LaunchScreen.storyboard */; };
		B8FA5C951BFEF956001B3E43 /* Video_Task_2Tests.swift in Sources */ = {isa = PBXBuildFile; fileRef = B8FA5C941BFEF956001B3E43 /* Video_Task_2Tests.swift */; };
		B8FA5CA01BFEF956001B3E43 /* Video_Task_2UITests.swift in Sources */ = {isa = PBXBuildFile; fileRef = B8FA5C9F1BFEF956001B3E43 /* Video_Task_2UITests.swift */; };
		B8FA5CB81C003F90001B3E43 /* but.png in Resources */ = {isa = PBXBuildFile; fileRef = B8FA5CB71C003F90001B3E43 /* but.png */; settings = {ASSET_TAGS = (); }; };
		B8FA5CBA1C004265001B3E43 /* musi.png in Resources */ = {isa = PBXBuildFile; fileRef = B8FA5CB91C004265001B3E43 /* musi.png */; settings = {ASSET_TAGS = (); }; };
		B8FA5CBC1C004424001B3E43 /* newbut.png in Resources */ = {isa = PBXBuildFile; fileRef = B8FA5CBB1C004424001B3E43 /* newbut.png */; settings = {ASSET_TAGS = (); }; };
		B8FA5CC01C0051ED001B3E43 /* 12.png in Resources */ = {isa = PBXBuildFile; fileRef = B8FA5CBF1C0051ED001B3E43 /* 12.png */; settings = {ASSET_TAGS = (); }; };
/* End PBXBuildFile section */

/* Begin PBXContainerItemProxy section */
		B8FA5C911BFEF956001B3E43 /* PBXContainerItemProxy */ = {
			isa = PBXContainerItemProxy;
			containerPortal = B8FA5C741BFEF956001B3E43 /* Project object */;
			proxyType = 1;
			remoteGlobalIDString = B8FA5C7B1BFEF956001B3E43;
			remoteInfo = "Video Task 2";
		};
		B8FA5C9C1BFEF956001B3E43 /* PBXContainerItemProxy */ = {
			isa = PBXContainerItemProxy;
			containerPortal = B8FA5C741BFEF956001B3E43 /* Project object */;
			proxyType = 1;
			remoteGlobalIDString = B8FA5C7B1BFEF956001B3E43;
			remoteInfo = "Video Task 2";
		};
/* End PBXContainerItemProxy section */

/* Begin PBXFileReference section */
		B8065B391C00584F008A14DB /* move.png */ = {isa = PBXFileReference; lastKnownFileType = image.png; path = move.png; sourceTree = "<group>"; };
		B8FA5C7C1BFEF956001B3E43 /* Video Task 2.app */ = {isa = PBXFileReference; explicitFileType = wrapper.application; includeInIndex = 0; path = "Video Task 2.app"; sourceTree = BUILT_PRODUCTS_DIR; };
		B8FA5C7F1BFEF956001B3E43 /* AppDelegate.swift */ = {isa = PBXFileReference; lastKnownFileType = sourcecode.swift; path = AppDelegate.swift; sourceTree = "<group>"; };
		B8FA5C811BFEF956001B3E43 /* ViewController.swift */ = {isa = PBXFileReference; lastKnownFileType = sourcecode.swift; path = ViewController.swift; sourceTree = "<group>"; };
		B8FA5C841BFEF956001B3E43 /* Base */ = {isa = PBXFileReference; lastKnownFileType = file.storyboard; name = Base; path = Base.lproj/Main.storyboard; sourceTree = "<group>"; };
		B8FA5C861BFEF956001B3E43 /* Assets.xcassets */ = {isa = PBXFileReference; lastKnownFileType = folder.assetcatalog; path = Assets.xcassets; sourceTree = "<group>"; };
		B8FA5C891BFEF956001B3E43 /* Base */ = {isa = PBXFileReference; lastKnownFileType = file.storyboard; name = Base; path = Base.lproj/LaunchScreen.storyboard; sourceTree = "<group>"; };
		B8FA5C8B1BFEF956001B3E43 /* Info.plist */ = {isa = PBXFileReference; lastKnownFileType = text.plist.xml; path = Info.plist; sourceTree = "<group>"; };
		B8FA5C901BFEF956001B3E43 /* Video Task 2Tests.xctest */ = {isa = PBXFileReference; explicitFileType = wrapper.cfbundle; includeInIndex = 0; path = "Video Task 2Tests.xctest"; sourceTree = BUILT_PRODUCTS_DIR; };
		B8FA5C941BFEF956001B3E43 /* Video_Task_2Tests.swift */ = {isa = PBXFileReference; lastKnownFileType = sourcecode.swift; path = Video_Task_2Tests.swift; sourceTree = "<group>"; };
		B8FA5C961BFEF956001B3E43 /* Info.plist */ = {isa = PBXFileReference; lastKnownFileType = text.plist.xml; path = Info.plist; sourceTree = "<group>"; };
		B8FA5C9B1BFEF956001B3E43 /* Video Task 2UITests.xctest */ = {isa = PBXFileReference; explicitFileType = wrapper.cfbundle; includeInIndex = 0; path = "Video Task 2UITests.xctest"; sourceTree = BUILT_PRODUCTS_DIR; };
		B8FA5C9F1BFEF956001B3E43 /* Video_Task_2UITests.swift */ = {isa = PBXFileReference; lastKnownFileType = sourcecode.swift; path = Video_Task_2UITests.swift; sourceTree = "<group>"; };
		B8FA5CA11BFEF956001B3E43 /* Info.plist */ = {isa = PBXFileReference; lastKnownFileType = text.plist.xml; path = Info.plist; sourceTree = "<group>"; };
		B8FA5CB71C003F90001B3E43 /* but.png */ = {isa = PBXFileReference; lastKnownFileType = image.png; path = but.png; sourceTree = "<group>"; };
		B8FA5CB91C004265001B3E43 /* musi.png */ = {isa = PBXFileReference; lastKnownFileType = image.png; path = musi.png; sourceTree = "<group>"; };
		B8FA5CBB1C004424001B3E43 /* newbut.png */ = {isa = PBXFileReference; lastKnownFileType = image.png; path = newbut.png; sourceTree = "<group>"; };
		B8FA5CBF1C0051ED001B3E43 /* 12.png */ = {isa = PBXFileReference; lastKnownFileType = image.png; path = 12.png; sourceTree = "<group>"; };
/* End PBXFileReference section */

/* Begin PBXFrameworksBuildPhase section */
		B8FA5C791BFEF956001B3E43 /* Frameworks */ = {
			isa = PBXFrameworksBuildPhase;
			buildActionMask = 2147483647;
			files = (
			);
			runOnlyForDeploymentPostprocessing = 0;
		};
		B8FA5C8D1BFEF956001B3E43 /* Frameworks */ = {
			isa = PBXFrameworksBuildPhase;
			buildActionMask = 2147483647;
			files = (
			);
			runOnlyForDeploymentPostprocessing = 0;
		};
		B8FA5C981BFEF956001B3E43 /* Frameworks */ = {
			isa = PBXFrameworksBuildPhase;
			buildActionMask = 2147483647;
			files = (
			);
			runOnlyForDeploymentPostprocessing = 0;
		};
/* End PBXFrameworksBuildPhase section */

/* Begin PBXGroup section */
		B8FA5C731BFEF956001B3E43 = {
			isa = PBXGroup;
			children = (
				B8FA5C7E1BFEF956001B3E43 /* Video Task 2 */,
				B8FA5C931BFEF956001B3E43 /* Video Task 2Tests */,
				B8FA5C9E1BFEF956001B3E43 /* Video Task 2UITests */,
				B8FA5C7D1BFEF956001B3E43 /* Products */,
			);
			sourceTree = "<group>";
		};
		B8FA5C7D1BFEF956001B3E43 /* Products */ = {
			isa = PBXGroup;
			children = (
				B8FA5C7C1BFEF956001B3E43 /* Video Task 2.app */,
				B8FA5C901BFEF956001B3E43 /* Video Task 2Tests.xctest */,
				B8FA5C9B1BFEF956001B3E43 /* Video Task 2UITests.xctest */,
			);
			name = Products;
			sourceTree = "<group>";
		};
		B8FA5C7E1BFEF956001B3E43 /* Video Task 2 */ = {
			isa = PBXGroup;
			children = (
				B8FA5C7F1BFEF956001B3E43 /* AppDelegate.swift */,
				B8FA5C811BFEF956001B3E43 /* ViewController.swift */,
				B8FA5C831BFEF956001B3E43 /* Main.storyboard */,
				B8FA5CBB1C004424001B3E43 /* newbut.png */,
				B8FA5C861BFEF956001B3E43 /* Assets.xcassets */,
				B8FA5CB71C003F90001B3E43 /* but.png */,
				B8FA5CB91C004265001B3E43 /* musi.png */,
				B8FA5CBF1C0051ED001B3E43 /* 12.png */,
				B8065B391C00584F008A14DB /* move.png */,
				B8FA5C881BFEF956001B3E43 /* LaunchScreen.storyboard */,
				B8FA5C8B1BFEF956001B3E43 /* Info.plist */,
			);
			path = "Video Task 2";
			sourceTree = "<group>";
		};
		B8FA5C931BFEF956001B3E43 /* Video Task 2Tests */ = {
			isa = PBXGroup;
			children = (
				B8FA5C941BFEF956001B3E43 /* Video_Task_2Tests.swift */,
				B8FA5C961BFEF956001B3E43 /* Info.plist */,
			);
			path = "Video Task 2Tests";
			sourceTree = "<group>";
		};
		B8FA5C9E1BFEF956001B3E43 /* Video Task 2UITests */ = {
			isa = PBXGroup;
			children = (
				B8FA5C9F1BFEF956001B3E43 /* Video_Task_2UITests.swift */,
				B8FA5CA11BFEF956001B3E43 /* Info.plist */,
			);
			path = "Video Task 2UITests";
			sourceTree = "<group>";
		};
/* End PBXGroup section */

/* Begin PBXNativeTarget section */
		B8FA5C7B1BFEF956001B3E43 /* Video Task 2 */ = {
			isa = PBXNativeTarget;
			buildConfigurationList = B8FA5CA41BFEF956001B3E43 /* Build configuration list for PBXNativeTarget "Video Task 2" */;
			buildPhases = (
				B8FA5C781BFEF956001B3E43 /* Sources */,
				B8FA5C791BFEF956001B3E43 /* Frameworks */,
				B8FA5C7A1BFEF956001B3E43 /* Resources */,
			);
			buildRules = (
			);
			dependencies = (
			);
			name = "Video Task 2";
			productName = "Video Task 2";
			productReference = B8FA5C7C1BFEF956001B3E43 /* Video Task 2.app */;
			productType = "com.apple.product-type.application";
		};
		B8FA5C8F1BFEF956001B3E43 /* Video Task 2Tests */ = {
			isa = PBXNativeTarget;
			buildConfigurationList = B8FA5CA71BFEF956001B3E43 /* Build configuration list for PBXNativeTarget "Video Task 2Tests" */;
			buildPhases = (
				B8FA5C8C1BFEF956001B3E43 /* Sources */,
				B8FA5C8D1BFEF956001B3E43 /* Frameworks */,
				B8FA5C8E1BFEF956001B3E43 /* Resources */,
			);
			buildRules = (
			);
			dependencies = (
				B8FA5C921BFEF956001B3E43 /* PBXTargetDependency */,
			);
			name = "Video Task 2Tests";
			productName = "Video Task 2Tests";
			productReference = B8FA5C901BFEF956001B3E43 /* Video Task 2Tests.xctest */;
			productType = "com.apple.product-type.bundle.unit-test";
		};
		B8FA5C9A1BFEF956001B3E43 /* Video Task 2UITests */ = {
			isa = PBXNativeTarget;
			buildConfigurationList = B8FA5CAA1BFEF956001B3E43 /* Build configuration list for PBXNativeTarget "Video Task 2UITests" */;
			buildPhases = (
				B8FA5C971BFEF956001B3E43 /* Sources */,
				B8FA5C981BFEF956001B3E43 /* Frameworks */,
				B8FA5C991BFEF956001B3E43 /* Resources */,
			);
			buildRules = (
			);
			dependencies = (
				B8FA5C9D1BFEF956001B3E43 /* PBXTargetDependency */,
			);
			name = "Video Task 2UITests";
			productName = "Video Task 2UITests";
			productReference = B8FA5C9B1BFEF956001B3E43 /* Video Task 2UITests.xctest */;
			productType = "com.apple.product-type.bundle.ui-testing";
		};
/* End PBXNativeTarget section */

/* Begin PBXProject section */
		B8FA5C741BFEF956001B3E43 /* Project object */ = {
			isa = PBXProject;
			attributes = {
				LastUpgradeCheck = 0700;
				ORGANIZATIONNAME = "Sathish Chinniah";
				TargetAttributes = {
					B8FA5C7B1BFEF956001B3E43 = {
						CreatedOnToolsVersion = 7.0.1;
					};
					B8FA5C8F1BFEF956001B3E43 = {
						CreatedOnToolsVersion = 7.0.1;
						TestTargetID = B8FA5C7B1BFEF956001B3E43;
					};
					B8FA5C9A1BFEF956001B3E43 = {
						CreatedOnToolsVersion = 7.0.1;
						TestTargetID = B8FA5C7B1BFEF956001B3E43;
					};
				};
			};
			buildConfigurationList = B8FA5C771BFEF956001B3E43 /* Build configuration list for PBXProject "Video Task 2" */;
			compatibilityVersion = "Xcode 3.2";
			developmentRegion = English;
			hasScannedForEncodings = 0;
			knownRegions = (
				en,
				Base,
			);
			mainGroup = B8FA5C731BFEF956001B3E43;
			productRefGroup = B8FA5C7D1BFEF956001B3E43 /* Products */;
			projectDirPath = "";
			projectRoot = "";
			targets = (
				B8FA5C7B1BFEF956001B3E43 /* Video Task 2 */,
				B8FA5C8F1BFEF956001B3E43 /* Video Task 2Tests */,
				B8FA5C9A1BFEF956001B3E43 /* Video Task 2UITests */,
			);
		};
/* End PBXProject section */

/* Begin PBXResourcesBuildPhase section */
		B8FA5C7A1BFEF956001B3E43 /* Resources */ = {
			isa = PBXResourcesBuildPhase;
			buildActionMask = 2147483647;
			files = (
				B8FA5C8A1BFEF956001B3E43 /* LaunchScreen.storyboard in Resources */,
				B8FA5CBA1C004265001B3E43 /* musi.png in Resources */,
				B8065B3A1C00584F008A14DB /* move.png in Resources */,
				B8FA5CC01C0051ED001B3E43 /* 12.png in Resources */,
				B8FA5CBC1C004424001B3E43 /* newbut.png in Resources */,
				B8FA5CB81C003F90001B3E43 /* but.png in Resources */,
				B8FA5C871BFEF956001B3E43 /* Assets.xcassets in Resources */,
				B8FA5C851BFEF956001B3E43 /* Main.storyboard in Resources */,
			);
			runOnlyForDeploymentPostprocessing = 0;
		};
		B8FA5C8E1BFEF956001B3E43 /* Resources */ = {
			isa = PBXResourcesBuildPhase;
			buildActionMask = 2147483647;
			files = (
			);
			runOnlyForDeploymentPostprocessing = 0;
		};
		B8FA5C991BFEF956001B3E43 /* Resources */ = {
			isa = PBXResourcesBuildPhase;
			buildActionMask = 2147483647;
			files = (
			);
			runOnlyForDeploymentPostprocessing = 0;
		};
/* End PBXResourcesBuildPhase section */

/* Begin PBXSourcesBuildPhase section */
		B8FA5C781BFEF956001B3E43 /* Sources */ = {
			isa = PBXSourcesBuildPhase;
			buildActionMask = 2147483647;
			files = (
				B8FA5C821BFEF956001B3E43 /* ViewController.swift in Sources */,
				B8FA5C801BFEF956001B3E43 /* AppDelegate.swift in Sources */,
			);
			runOnlyForDeploymentPostprocessing = 0;
		};
		B8FA5C8C1BFEF956001B3E43 /* Sources */ = {
			isa = PBXSourcesBuildPhase;
			buildActionMask = 2147483647;
			files = (
				B8FA5C951BFEF956001B3E43 /* Video_Task_2Tests.swift in Sources */,
			);
			runOnlyForDeploymentPostprocessing = 0;
		};
		B8FA5C971BFEF956001B3E43 /* Sources */ = {
			isa = PBXSourcesBuildPhase;
			buildActionMask = 2147483647;
			files = (
				B8FA5CA01BFEF956001B3E43 /* Video_Task_2UITests.swift in Sources */,
			);
			runOnlyForDeploymentPostprocessing = 0;
		};
/* End PBXSourcesBuildPhase section */

/* Begin PBXTargetDependency section */
		B8FA5C921BFEF956001B3E43 /* PBXTargetDependency */ = {
			isa = PBXTargetDependency;
			target = B8FA5C7B1BFEF956001B3E43 /* Video Task 2 */;
			targetProxy = B8FA5C911BFEF956001B3E43 /* PBXContainerItemProxy */;
		};
		B8FA5C9D1BFEF956001B3E43 /* PBXTargetDependency */ = {
			isa = PBXTargetDependency;
			target = B8FA5C7B1BFEF956001B3E43 /* Video Task 2 */;
			targetProxy = B8FA5C9C1BFEF956001B3E43 /* PBXContainerItemProxy */;
		};
/* End PBXTargetDependency section */

/* Begin PBXVariantGroup section */
		B8FA5C831BFEF956001B3E43 /* Main.storyboard */ = {
			isa = PBXVariantGroup;
			children = (
				B8FA5C841BFEF956001B3E43 /* Base */,
			);
			name = Main.storyboard;
			sourceTree = "<group>";
		};
		B8FA5C881BFEF956001B3E43 /* LaunchScreen.storyboard */ = {
			isa = PBXVariantGroup;
			children = (
				B8FA5C891BFEF956001B3E43 /* Base */,
			);
			name = LaunchScreen.storyboard;
			sourceTree = "<group>";
		};
/* End PBXVariantGroup section */

/* Begin XCBuildConfiguration section */
		B8FA5CA21BFEF956001B3E43 /* Debug */ = {
			isa = XCBuildConfiguration;
			buildSettings = {
				ALWAYS_SEARCH_USER_PATHS = NO;
				CLANG_CXX_LANGUAGE_STANDARD = "gnu++0x";
				CLANG_CXX_LIBRARY = "libc++";
				CLANG_ENABLE_MODULES = YES;
				CLANG_ENABLE_OBJC_ARC = YES;
				CLANG_WARN_BOOL_CONVERSION = YES;
				CLANG_WARN_CONSTANT_CONVERSION = YES;
				CLANG_WARN_DIRECT_OBJC_ISA_USAGE = YES_ERROR;
				CLANG_WARN_EMPTY_BODY = YES;
				CLANG_WARN_ENUM_CONVERSION = YES;
				CLANG_WARN_INT_CONVERSION = YES;
				CLANG_WARN_OBJC_ROOT_CLASS = YES_ERROR;
				CLANG_WARN_UNREACHABLE_CODE = YES;
				CLANG_WARN__DUPLICATE_METHOD_MATCH = YES;
				"CODE_SIGN_IDENTITY[sdk=iphoneos*]" = "iPhone Developer";
				COPY_PHASE_STRIP = NO;
				DEBUG_INFORMATION_FORMAT = dwarf;
				ENABLE_STRICT_OBJC_MSGSEND = YES;
				ENABLE_TESTABILITY = YES;
				GCC_C_LANGUAGE_STANDARD = gnu99;
				GCC_DYNAMIC_NO_PIC = NO;
				GCC_NO_COMMON_BLOCKS = YES;
				GCC_OPTIMIZATION_LEVEL = 0;
				GCC_PREPROCESSOR_DEFINITIONS = (
					"DEBUG=1",
					"$(inherited)",
				);
				GCC_WARN_64_TO_32_BIT_CONVERSION = YES;
				GCC_WARN_ABOUT_RETURN_TYPE = YES_ERROR;
				GCC_WARN_UNDECLARED_SELECTOR = YES;
				GCC_WARN_UNINITIALIZED_AUTOS = YES_AGGRESSIVE;
				GCC_WARN_UNUSED_FUNCTION = YES;
				GCC_WARN_UNUSED_VARIABLE = YES;
				IPHONEOS_DEPLOYMENT_TARGET = 9.0;
				MTL_ENABLE_DEBUG_INFO = YES;
				ONLY_ACTIVE_ARCH = YES;
				SDKROOT = iphoneos;
				SWIFT_OPTIMIZATION_LEVEL = "-Onone";
			};
			name = Debug;
		};
		B8FA5CA31BFEF956001B3E43 /* Release */ = {
			isa = XCBuildConfiguration;
			buildSettings = {
				ALWAYS_SEARCH_USER_PATHS = NO;
				CLANG_CXX_LANGUAGE_STANDARD = "gnu++0x";
				CLANG_CXX_LIBRARY = "libc++";
				CLANG_ENABLE_MODULES = YES;
				CLANG_ENABLE_OBJC_ARC = YES;
				CLANG_WARN_BOOL_CONVERSION = YES;
				CLANG_WARN_CONSTANT_CONVERSION = YES;
				CLANG_WARN_DIRECT_OBJC_ISA_USAGE = YES_ERROR;
				CLANG_WARN_EMPTY_BODY = YES;
				CLANG_WARN_ENUM_CONVERSION = YES;
				CLANG_WARN_INT_CONVERSION = YES;
				CLANG_WARN_OBJC_ROOT_CLASS = YES_ERROR;
				CLANG_WARN_UNREACHABLE_CODE = YES;
				CLANG_WARN__DUPLICATE_METHOD_MATCH = YES;
				"CODE_SIGN_IDENTITY[sdk=iphoneos*]" = "iPhone Developer";
				COPY_PHASE_STRIP = NO;
				DEBUG_INFORMATION_FORMAT = "dwarf-with-dsym";
				ENABLE_NS_ASSERTIONS = NO;
				ENABLE_STRICT_OBJC_MSGSEND = YES;
				GCC_C_LANGUAGE_STANDARD = gnu99;
				GCC_NO_COMMON_BLOCKS = YES;
				GCC_WARN_64_TO_32_BIT_CONVERSION = YES;
				GCC_WARN_ABOUT_RETURN_TYPE = YES_ERROR;
				GCC_WARN_UNDECLARED_SELECTOR = YES;
				GCC_WARN_UNINITIALIZED_AUTOS = YES_AGGRESSIVE;
				GCC_WARN_UNUSED_FUNCTION = YES;
				GCC_WARN_UNUSED_VARIABLE = YES;
				IPHONEOS_DEPLOYMENT_TARGET = 9.0;
				MTL_ENABLE_DEBUG_INFO = NO;
				SDKROOT = iphoneos;
				VALIDATE_PRODUCT = YES;
			};
			name = Release;
		};
		B8FA5CA51BFEF956001B3E43 /* Debug */ = {
			isa = XCBuildConfiguration;
			buildSettings = {
				ASSETCATALOG_COMPILER_APPICON_NAME = AppIcon;
				INFOPLIST_FILE = "Video Task 2/Info.plist";
				IPHONEOS_DEPLOYMENT_TARGET = 8.0;
				LD_RUNPATH_SEARCH_PATHS = "$(inherited) @executable_path/Frameworks";
				PRODUCT_BUNDLE_IDENTIFIER = "com.sathish-chinniah.Video-Task-2";
				PRODUCT_NAME = "$(TARGET_NAME)";
			};
			name = Debug;
		};
		B8FA5CA61BFEF956001B3E43 /* Release */ = {
			isa = XCBuildConfiguration;
			buildSettings = {
				ASSETCATALOG_COMPILER_APPICON_NAME = AppIcon;
				INFOPLIST_FILE = "Video Task 2/Info.plist";
				IPHONEOS_DEPLOYMENT_TARGET = 8.0;
				LD_RUNPATH_SEARCH_PATHS = "$(inherited) @executable_path/Frameworks";
				PRODUCT_BUNDLE_IDENTIFIER = "com.sathish-chinniah.Video-Task-2";
				PRODUCT_NAME = "$(TARGET_NAME)";
			};
			name = Release;
		};
		B8FA5CA81BFEF956001B3E43 /* Debug */ = {
			isa = XCBuildConfiguration;
			buildSettings = {
				BUNDLE_LOADER = "$(TEST_HOST)";
				INFOPLIST_FILE = "Video Task 2Tests/Info.plist";
				LD_RUNPATH_SEARCH_PATHS = "$(inherited) @executable_path/Frameworks @loader_path/Frameworks";
				PRODUCT_BUNDLE_IDENTIFIER = "com.sathish-chinniah.Video-Task-2Tests";
				PRODUCT_NAME = "$(TARGET_NAME)";
				TEST_HOST = "$(BUILT_PRODUCTS_DIR)/Video Task 2.app/Video Task 2";
			};
			name = Debug;
		};
		B8FA5CA91BFEF956001B3E43 /* Release */ = {
			isa = XCBuildConfiguration;
			buildSettings = {
				BUNDLE_LOADER = "$(TEST_HOST)";
				INFOPLIST_FILE = "Video Task 2Tests/Info.plist";
				LD_RUNPATH_SEARCH_PATHS = "$(inherited) @executable_path/Frameworks @loader_path/Frameworks";
				PRODUCT_BUNDLE_IDENTIFIER = "com.sathish-chinniah.Video-Task-2Tests";
				PRODUCT_NAME = "$(TARGET_NAME)";
				TEST_HOST = "$(BUILT_PRODUCTS_DIR)/Video Task 2.app/Video Task 2";
			};
			name = Release;
		};
		B8FA5CAB1BFEF956001B3E43 /* Debug */ = {
			isa = XCBuildConfiguration;
			buildSettings = {
				INFOPLIST_FILE = "Video Task 2UITests/Info.plist";
				LD_RUNPATH_SEARCH_PATHS = "$(inherited) @executable_path/Frameworks @loader_path/Frameworks";
				PRODUCT_BUNDLE_IDENTIFIER = "com.sathish-chinniah.Video-Task-2UITests";
				PRODUCT_NAME = "$(TARGET_NAME)";
				TEST_TARGET_NAME = "Video Task 2";
				USES_XCTRUNNER = YES;
			};
			name = Debug;
		};
		B8FA5CAC1BFEF956001B3E43 /* Release */ = {
			isa = XCBuildConfiguration;
			buildSettings = {
				INFOPLIST_FILE = "Video Task 2UITests/Info.plist";
				LD_RUNPATH_SEARCH_PATHS = "$(inherited) @executable_path/Frameworks @loader_path/Frameworks";
				PRODUCT_BUNDLE_IDENTIFIER = "com.sathish-chinniah.Video-Task-2UITests";
				PRODUCT_NAME = "$(TARGET_NAME)";
				TEST_TARGET_NAME = "Video Task 2";
				USES_XCTRUNNER = YES;
			};
			name = Release;
		};
/* End XCBuildConfiguration section */

/* Begin XCConfigurationList section */
		B8FA5C771BFEF956001B3E43 /* Build configuration list for PBXProject "Video Task 2" */ = {
			isa = XCConfigurationList;
			buildConfigurations = (
				B8FA5CA21BFEF956001B3E43 /* Debug */,
				B8FA5CA31BFEF956001B3E43 /* Release */,
			);
			defaultConfigurationIsVisible = 0;
			defaultConfigurationName = Release;
		};
		B8FA5CA41BFEF956001B3E43 /* Build configuration list for PBXNativeTarget "Video Task 2" */ = {
			isa = XCConfigurationList;
			buildConfigurations = (
				B8FA5CA51BFEF956001B3E43 /* Debug */,
				B8FA5CA61BFEF956001B3E43 /* Release */,
			);
			defaultConfigurationIsVisible = 0;
			defaultConfigurationName = Release;
		};
		B8FA5CA71BFEF956001B3E43 /* Build configuration list for PBXNativeTarget "Video Task 2Tests" */ = {
			isa = XCConfigurationList;
			buildConfigurations = (
				B8FA5CA81BFEF956001B3E43 /* Debug */,
				B8FA5CA91BFEF956001B3E43 /* Release */,
			);
			defaultConfigurationIsVisible = 0;
			defaultConfigurationName = Release;
		};
		B8FA5CAA1BFEF956001B3E43 /* Build configuration list for PBXNativeTarget "Video Task 2UITests" */ = {
			isa = XCConfigurationList;
			buildConfigurations = (
				B8FA5CAB1BFEF956001B3E43 /* Debug */,
				B8FA5CAC1BFEF956001B3E43 /* Release */,
			);
			defaultConfigurationIsVisible = 0;
			defaultConfigurationName = Release;
		};
/* End XCConfigurationList section */
	};
	rootObject = B8FA5C741BFEF956001B3E43 /* Project object */;
}
